# generated by rye
# use `rye lock` or `rye sync` to update this lockfile
#
# last locked with the following flags:
#   pre: false
#   features: []
#   all-features: false
#   with-sources: false

-e file:.
annotated-types==0.7.0
    # via pydantic
argcomplete==3.5.1
    # via commitizen
charset-normalizer==3.4.0
    # via commitizen
colorama==0.4.6
    # via commitizen
commitizen==3.30.0
decli==0.6.2
    # via commitizen
jinja2==3.1.4
    # via commitizen
markupsafe==3.0.2
    # via jinja2
packaging==24.1
    # via commitizen
pip==24.3.1
prompt-toolkit==3.0.36
    # via questionary
pydantic==2.9.2
    # via pydantic-settings
    # via python-template
pydantic-core==2.23.4
    # via pydantic
pydantic-settings==2.6.0
    # via python-template
python-dotenv==1.0.1
    # via pydantic-settings
pyyaml==6.0.2
    # via commitizen
questionary==2.0.1
    # via commitizen
ruamel-yaml==0.18.6
    # via python-template
ruamel-yaml-clib==0.2.12
    # via ruamel-yaml
termcolor==2.5.0
    # via commitizen
tomlkit==0.13.2
    # via commitizen
typing-extensions==4.12.2
    # via pydantic
    # via pydantic-core
wcwidth==0.2.13
    # via prompt-toolkit
